
Microsoft Visual Studio Solution File, Format Version 12.00
# Visual Studio Version 16
VisualStudioVersion = 16.0.29709.97
MinimumVisualStudioVersion = 10.0.40219.1
Project("{FAE04EC0-301F-11D3-BF4B-00C04F79EFBC}") = "ColorFramework", "ColorFramework\ColorFramework.csproj", "{3C435731-715D-4667-9297-9B250642B94A}"
EndProject
Global
	GlobalSection(SolutionConfigurationPlatforms) = preSolution
		Debug|Any CPU = Debug|Any CPU
		Release|Any CPU = Release|Any CPU
	EndGlobalSection
	GlobalSection(ProjectConfigurationPlatforms) = postSolution
		{3C435731-715D-4667-9297-9B250642B94A}.Debug|Any CPU.ActiveCfg = Debug|Any CPU
		{3C435731-715D-4667-9297-9B250642B94A}.Debug|Any CPU.Build.0 = Debug|Any CPU
		{3C435731-715D-4667-9297-9B250642B94A}.Release|Any CPU.ActiveCfg = Release|Any CPU
		{3C435731-715D-4667-9297-9B250642B94A}.Release|Any CPU.Build.0 = Release|Any CPU
	EndGlobalSection
	GlobalSection(SolutionProperties) = preSolution
		HideSolutionNode = FALSE
	EndGlobalSection
	GlobalSection(ExtensibilityGlobals) = postSolution
		SolutionGuid = {60330CDF-EDCB-4E0E-B487-8B6CB6D805D4}
	EndGlobalSection
EndGlobal
